
Microsoft Visual Studio Solution File, Format Version 12.00
# Visual Studio 14
VisualStudioVersion = 14.0.25123.0
MinimumVisualStudioVersion = 10.0.40219.1
Project("{FAE04EC0-301F-11D3-BF4B-00C04F79EFBC}") = "FunctionalNumeralSystem", "FunctionalNumeralSystem\FunctionalNumeralSystem.csproj", "{45A6B20A-8AA6-416F-B040-6D23C6BC7194}"
EndProject
Project("{FAE04EC0-301F-11D3-BF4B-00C04F79EFBC}") = "CardsDescription", "CardsDescription\CardsDescription.csproj", "{549F99A3-0DFD-4B49-85A7-8751DBFB9A29}"
EndProject
Project("{FAE04EC0-301F-11D3-BF4B-00C04F79EFBC}") = "SnackytheSnake", "SnackytheSnake\SnackytheSnake.csproj", "{5574BCE3-C530-46D0-AC00-7515E5803D43}"
EndProject
Project("{FAE04EC0-301F-11D3-BF4B-00C04F79EFBC}") = "PeshoCode", "PeshoCode\PeshoCode.csproj", "{B44C1F11-AE2A-4B90-BDD8-EC5446B03A26}"
EndProject
Project("{FAE04EC0-301F-11D3-BF4B-00C04F79EFBC}") = "PeshoCode-V2-KonSim", "PeshoCode-V2\PeshoCode-V2-KonSim.csproj", "{EA7CAD41-C3CF-4747-8B78-92BB9A1675F2}"
EndProject
Global
	GlobalSection(SolutionConfigurationPlatforms) = preSolution
		Debug|Any CPU = Debug|Any CPU
		Release|Any CPU = Release|Any CPU
	EndGlobalSection
	GlobalSection(ProjectConfigurationPlatforms) = postSolution
		{45A6B20A-8AA6-416F-B040-6D23C6BC7194}.Debug|Any CPU.ActiveCfg = Debug|Any CPU
		{45A6B20A-8AA6-416F-B040-6D23C6BC7194}.Debug|Any CPU.Build.0 = Debug|Any CPU
		{45A6B20A-8AA6-416F-B040-6D23C6BC7194}.Release|Any CPU.ActiveCfg = Release|Any CPU
		{45A6B20A-8AA6-416F-B040-6D23C6BC7194}.Release|Any CPU.Build.0 = Release|Any CPU
		{549F99A3-0DFD-4B49-85A7-8751DBFB9A29}.Debug|Any CPU.ActiveCfg = Debug|Any CPU
		{549F99A3-0DFD-4B49-85A7-8751DBFB9A29}.Debug|Any CPU.Build.0 = Debug|Any CPU
		{549F99A3-0DFD-4B49-85A7-8751DBFB9A29}.Release|Any CPU.ActiveCfg = Release|Any CPU
		{549F99A3-0DFD-4B49-85A7-8751DBFB9A29}.Release|Any CPU.Build.0 = Release|Any CPU
		{5574BCE3-C530-46D0-AC00-7515E5803D43}.Debug|Any CPU.ActiveCfg = Debug|Any CPU
		{5574BCE3-C530-46D0-AC00-7515E5803D43}.Debug|Any CPU.Build.0 = Debug|Any CPU
		{5574BCE3-C530-46D0-AC00-7515E5803D43}.Release|Any CPU.ActiveCfg = Release|Any CPU
		{5574BCE3-C530-46D0-AC00-7515E5803D43}.Release|Any CPU.Build.0 = Release|Any CPU
		{B44C1F11-AE2A-4B90-BDD8-EC5446B03A26}.Debug|Any CPU.ActiveCfg = Debug|Any CPU
		{B44C1F11-AE2A-4B90-BDD8-EC5446B03A26}.Debug|Any CPU.Build.0 = Debug|Any CPU
		{B44C1F11-AE2A-4B90-BDD8-EC5446B03A26}.Release|Any CPU.ActiveCfg = Release|Any CPU
		{B44C1F11-AE2A-4B90-BDD8-EC5446B03A26}.Release|Any CPU.Build.0 = Release|Any CPU
		{EA7CAD41-C3CF-4747-8B78-92BB9A1675F2}.Debug|Any CPU.ActiveCfg = Debug|Any CPU
		{EA7CAD41-C3CF-4747-8B78-92BB9A1675F2}.Debug|Any CPU.Build.0 = Debug|Any CPU
		{EA7CAD41-C3CF-4747-8B78-92BB9A1675F2}.Release|Any CPU.ActiveCfg = Release|Any CPU
		{EA7CAD41-C3CF-4747-8B78-92BB9A1675F2}.Release|Any CPU.Build.0 = Release|Any CPU
	EndGlobalSection
	GlobalSection(SolutionProperties) = preSolution
		HideSolutionNode = FALSE
	EndGlobalSection
EndGlobal
