
Microsoft Visual Studio Solution File, Format Version 12.00
# Visual Studio 14
VisualStudioVersion = 14.0.25123.0
MinimumVisualStudioVersion = 10.0.40219.1
Project("{FAE04EC0-301F-11D3-BF4B-00C04F79EFBC}") = "SquareRoot", "SquareRoot\SquareRoot.csproj", "{99B61C14-4BBF-43BB-8865-B4B00898BCD9}"
EndProject
Project("{FAE04EC0-301F-11D3-BF4B-00C04F79EFBC}") = "EnterNumbers", "EnterNumbers\EnterNumbers.csproj", "{29339C0B-96DD-4682-BFCD-A18AB9F11F3D}"
EndProject
Global
	GlobalSection(SolutionConfigurationPlatforms) = preSolution
		Debug|Any CPU = Debug|Any CPU
		Release|Any CPU = Release|Any CPU
	EndGlobalSection
	GlobalSection(ProjectConfigurationPlatforms) = postSolution
		{99B61C14-4BBF-43BB-8865-B4B00898BCD9}.Debug|Any CPU.ActiveCfg = Debug|Any CPU
		{99B61C14-4BBF-43BB-8865-B4B00898BCD9}.Debug|Any CPU.Build.0 = Debug|Any CPU
		{99B61C14-4BBF-43BB-8865-B4B00898BCD9}.Release|Any CPU.ActiveCfg = Release|Any CPU
		{99B61C14-4BBF-43BB-8865-B4B00898BCD9}.Release|Any CPU.Build.0 = Release|Any CPU
		{29339C0B-96DD-4682-BFCD-A18AB9F11F3D}.Debug|Any CPU.ActiveCfg = Debug|Any CPU
		{29339C0B-96DD-4682-BFCD-A18AB9F11F3D}.Debug|Any CPU.Build.0 = Debug|Any CPU
		{29339C0B-96DD-4682-BFCD-A18AB9F11F3D}.Release|Any CPU.ActiveCfg = Release|Any CPU
		{29339C0B-96DD-4682-BFCD-A18AB9F11F3D}.Release|Any CPU.Build.0 = Release|Any CPU
	EndGlobalSection
	GlobalSection(SolutionProperties) = preSolution
		HideSolutionNode = FALSE
	EndGlobalSection
EndGlobal
